{
  "name": "automation-tool",
  "version": "1.0.0",
  "lockfileVersion": 1,
  "requires": true,
  "dependencies": {
    "jsonformatter": {
      "version": "0.7.0",
      "resolved": "https://registry.npmjs.org/jsonformatter/-/jsonformatter-0.7.0.tgz",
      "integrity": "sha512-5+cKiuSK+jxgycpC6Pcs4uj15dd4NRim8f7fLlDwxtuelOe9awp94I4MC4BPDQxSfNoN99dTliqczNSVat2+DA=="
    }
  }
}
